
Microsoft Visual Studio Solution File, Format Version 12.00
# Visual Studio Version 17
VisualStudioVersion = 17.7.34031.279
MinimumVisualStudioVersion = 10.0.40219.1
Project("{FAE04EC0-301F-11D3-BF4B-00C04F79EFBC}") = "ChessStockfishConsole", "ChessStockfishConsole\ChessStockfishConsole.csproj", "{76B5EECA-26C7-439D-91E8-E939C62AC6DB}"
EndProject
Global
	GlobalSection(SolutionConfigurationPlatforms) = preSolution
		Debug|Any CPU = Debug|Any CPU
		Release|Any CPU = Release|Any CPU
	EndGlobalSection
	GlobalSection(ProjectConfigurationPlatforms) = postSolution
		{76B5EECA-26C7-439D-91E8-E939C62AC6DB}.Debug|Any CPU.ActiveCfg = Debug|Any CPU
		{76B5EECA-26C7-439D-91E8-E939C62AC6DB}.Debug|Any CPU.Build.0 = Debug|Any CPU
		{76B5EECA-26C7-439D-91E8-E939C62AC6DB}.Release|Any CPU.ActiveCfg = Release|Any CPU
		{76B5EECA-26C7-439D-91E8-E939C62AC6DB}.Release|Any CPU.Build.0 = Release|Any CPU
	EndGlobalSection
	GlobalSection(SolutionProperties) = preSolution
		HideSolutionNode = FALSE
	EndGlobalSection
	GlobalSection(ExtensibilityGlobals) = postSolution
		SolutionGuid = {E9F7BFF4-4D5F-4BE8-B32B-5B453E049526}
	EndGlobalSection
EndGlobal
